
Microsoft Visual Studio Solution File, Format Version 12.00
# Visual Studio 15
VisualStudioVersion = 15.0.27703.2035
MinimumVisualStudioVersion = 10.0.40219.1
Project("{8BC9CEB8-8B4A-11D0-8D11-00A0C91BC942}") = "2-1", "2-1\2-1.vcxproj", "{991598A0-6A52-4D3C-8779-27A7C8A8A9D1}"
EndProject
Project("{8BC9CEB8-8B4A-11D0-8D11-00A0C91BC942}") = "2-2", "2-2\2-2.vcxproj", "{9EA2AED3-B8E4-400B-BE02-6F75D8C972D9}"
EndProject
Project("{8BC9CEB8-8B4A-11D0-8D11-00A0C91BC942}") = "2-3", "2-3\2-3.vcxproj", "{005FB022-2C54-4AED-8C5F-CC83DF91329F}"
EndProject
Project("{8BC9CEB8-8B4A-11D0-8D11-00A0C91BC942}") = "2-4", "2-4\2-4.vcxproj", "{8D5B07D6-742D-4553-AB40-6EFEF78193DF}"
EndProject
Project("{8BC9CEB8-8B4A-11D0-8D11-00A0C91BC942}") = "2-5", "2-5\2-5.vcxproj", "{AA9A034E-DBB9-4C3B-8F7C-69A1846886A4}"
EndProject
Project("{8BC9CEB8-8B4A-11D0-8D11-00A0C91BC942}") = "2-6", "2-6\2-6.vcxproj", "{2DF6CAA5-B233-4686-A9D7-5FFE48465E6D}"
EndProject
Project("{8BC9CEB8-8B4A-11D0-8D11-00A0C91BC942}") = "2-9", "2-9\2-9.vcxproj", "{89790FC1-4577-4117-8CB6-0F97DB8AB633}"
EndProject
Project("{8BC9CEB8-8B4A-11D0-8D11-00A0C91BC942}") = "2-7", "2-7\2-7.vcxproj", "{5CA5F21E-5ECC-4BB9-B062-BBE8EF4A665F}"
EndProject
Project("{8BC9CEB8-8B4A-11D0-8D11-00A0C91BC942}") = "2-8", "2-8\2-8.vcxproj", "{D035C8BC-9DB4-44DF-B14A-63FBAEC871C9}"
EndProject
Project("{8BC9CEB8-8B4A-11D0-8D11-00A0C91BC942}") = "2-10", "2-10\2-10.vcxproj", "{E68B38A3-F2E0-49FF-958A-8F4E6E41F388}"
EndProject
Global
	GlobalSection(SolutionConfigurationPlatforms) = preSolution
		Debug|x64 = Debug|x64
		Debug|x86 = Debug|x86
		Release|x64 = Release|x64
		Release|x86 = Release|x86
	EndGlobalSection
	GlobalSection(ProjectConfigurationPlatforms) = postSolution
		{991598A0-6A52-4D3C-8779-27A7C8A8A9D1}.Debug|x64.ActiveCfg = Debug|x64
		{991598A0-6A52-4D3C-8779-27A7C8A8A9D1}.Debug|x64.Build.0 = Debug|x64
		{991598A0-6A52-4D3C-8779-27A7C8A8A9D1}.Debug|x86.ActiveCfg = Debug|Win32
		{991598A0-6A52-4D3C-8779-27A7C8A8A9D1}.Debug|x86.Build.0 = Debug|Win32
		{991598A0-6A52-4D3C-8779-27A7C8A8A9D1}.Release|x64.ActiveCfg = Release|x64
		{991598A0-6A52-4D3C-8779-27A7C8A8A9D1}.Release|x64.Build.0 = Release|x64
		{991598A0-6A52-4D3C-8779-27A7C8A8A9D1}.Release|x86.ActiveCfg = Release|Win32
		{991598A0-6A52-4D3C-8779-27A7C8A8A9D1}.Release|x86.Build.0 = Release|Win32
		{9EA2AED3-B8E4-400B-BE02-6F75D8C972D9}.Debug|x64.ActiveCfg = Debug|x64
		{9EA2AED3-B8E4-400B-BE02-6F75D8C972D9}.Debug|x64.Build.0 = Debug|x64
		{9EA2AED3-B8E4-400B-BE02-6F75D8C972D9}.Debug|x86.ActiveCfg = Debug|Win32
		{9EA2AED3-B8E4-400B-BE02-6F75D8C972D9}.Debug|x86.Build.0 = Debug|Win32
		{9EA2AED3-B8E4-400B-BE02-6F75D8C972D9}.Release|x64.ActiveCfg = Release|x64
		{9EA2AED3-B8E4-400B-BE02-6F75D8C972D9}.Release|x64.Build.0 = Release|x64
		{9EA2AED3-B8E4-400B-BE02-6F75D8C972D9}.Release|x86.ActiveCfg = Release|Win32
		{9EA2AED3-B8E4-400B-BE02-6F75D8C972D9}.Release|x86.Build.0 = Release|Win32
		{005FB022-2C54-4AED-8C5F-CC83DF91329F}.Debug|x64.ActiveCfg = Debug|x64
		{005FB022-2C54-4AED-8C5F-CC83DF91329F}.Debug|x64.Build.0 = Debug|x64
		{005FB022-2C54-4AED-8C5F-CC83DF91329F}.Debug|x86.ActiveCfg = Debug|Win32
		{005FB022-2C54-4AED-8C5F-CC83DF91329F}.Debug|x86.Build.0 = Debug|Win32
		{005FB022-2C54-4AED-8C5F-CC83DF91329F}.Release|x64.ActiveCfg = Release|x64
		{005FB022-2C54-4AED-8C5F-CC83DF91329F}.Release|x64.Build.0 = Release|x64
		{005FB022-2C54-4AED-8C5F-CC83DF91329F}.Release|x86.ActiveCfg = Release|Win32
		{005FB022-2C54-4AED-8C5F-CC83DF91329F}.Release|x86.Build.0 = Release|Win32
		{8D5B07D6-742D-4553-AB40-6EFEF78193DF}.Debug|x64.ActiveCfg = Debug|x64
		{8D5B07D6-742D-4553-AB40-6EFEF78193DF}.Debug|x64.Build.0 = Debug|x64
		{8D5B07D6-742D-4553-AB40-6EFEF78193DF}.Debug|x86.ActiveCfg = Debug|Win32
		{8D5B07D6-742D-4553-AB40-6EFEF78193DF}.Debug|x86.Build.0 = Debug|Win32
		{8D5B07D6-742D-4553-AB40-6EFEF78193DF}.Release|x64.ActiveCfg = Release|x64
		{8D5B07D6-742D-4553-AB40-6EFEF78193DF}.Release|x64.Build.0 = Release|x64
		{8D5B07D6-742D-4553-AB40-6EFEF78193DF}.Release|x86.ActiveCfg = Release|Win32
		{8D5B07D6-742D-4553-AB40-6EFEF78193DF}.Release|x86.Build.0 = Release|Win32
		{AA9A034E-DBB9-4C3B-8F7C-69A1846886A4}.Debug|x64.ActiveCfg = Debug|x64
		{AA9A034E-DBB9-4C3B-8F7C-69A1846886A4}.Debug|x64.Build.0 = Debug|x64
		{AA9A034E-DBB9-4C3B-8F7C-69A1846886A4}.Debug|x86.ActiveCfg = Debug|Win32
		{AA9A034E-DBB9-4C3B-8F7C-69A1846886A4}.Debug|x86.Build.0 = Debug|Win32
		{AA9A034E-DBB9-4C3B-8F7C-69A1846886A4}.Release|x64.ActiveCfg = Release|x64
		{AA9A034E-DBB9-4C3B-8F7C-69A1846886A4}.Release|x64.Build.0 = Release|x64
		{AA9A034E-DBB9-4C3B-8F7C-69A1846886A4}.Release|x86.ActiveCfg = Release|Win32
		{AA9A034E-DBB9-4C3B-8F7C-69A1846886A4}.Release|x86.Build.0 = Release|Win32
		{2DF6CAA5-B233-4686-A9D7-5FFE48465E6D}.Debug|x64.ActiveCfg = Debug|x64
		{2DF6CAA5-B233-4686-A9D7-5FFE48465E6D}.Debug|x64.Build.0 = Debug|x64
		{2DF6CAA5-B233-4686-A9D7-5FFE48465E6D}.Debug|x86.ActiveCfg = Debug|Win32
		{2DF6CAA5-B233-4686-A9D7-5FFE48465E6D}.Debug|x86.Build.0 = Debug|Win32
		{2DF6CAA5-B233-4686-A9D7-5FFE48465E6D}.Release|x64.ActiveCfg = Release|x64
		{2DF6CAA5-B233-4686-A9D7-5FFE48465E6D}.Release|x64.Build.0 = Release|x64
		{2DF6CAA5-B233-4686-A9D7-5FFE48465E6D}.Release|x86.ActiveCfg = Release|Win32
		{2DF6CAA5-B233-4686-A9D7-5FFE48465E6D}.Release|x86.Build.0 = Release|Win32
		{89790FC1-4577-4117-8CB6-0F97DB8AB633}.Debug|x64.ActiveCfg = Debug|x64
		{89790FC1-4577-4117-8CB6-0F97DB8AB633}.Debug|x64.Build.0 = Debug|x64
		{89790FC1-4577-4117-8CB6-0F97DB8AB633}.Debug|x86.ActiveCfg = Debug|Win32
		{89790FC1-4577-4117-8CB6-0F97DB8AB633}.Debug|x86.Build.0 = Debug|Win32
		{89790FC1-4577-4117-8CB6-0F97DB8AB633}.Release|x64.ActiveCfg = Release|x64
		{89790FC1-4577-4117-8CB6-0F97DB8AB633}.Release|x64.Build.0 = Release|x64
		{89790FC1-4577-4117-8CB6-0F97DB8AB633}.Release|x86.ActiveCfg = Release|Win32
		{89790FC1-4577-4117-8CB6-0F97DB8AB633}.Release|x86.Build.0 = Release|Win32
		{5CA5F21E-5ECC-4BB9-B062-BBE8EF4A665F}.Debug|x64.ActiveCfg = Debug|x64
		{5CA5F21E-5ECC-4BB9-B062-BBE8EF4A665F}.Debug|x64.Build.0 = Debug|x64
		{5CA5F21E-5ECC-4BB9-B062-BBE8EF4A665F}.Debug|x86.ActiveCfg = Debug|Win32
		{5CA5F21E-5ECC-4BB9-B062-BBE8EF4A665F}.Debug|x86.Build.0 = Debug|Win32
		{5CA5F21E-5ECC-4BB9-B062-BBE8EF4A665F}.Release|x64.ActiveCfg = Release|x64
		{5CA5F21E-5ECC-4BB9-B062-BBE8EF4A665F}.Release|x64.Build.0 = Release|x64
		{5CA5F21E-5ECC-4BB9-B062-BBE8EF4A665F}.Release|x86.ActiveCfg = Release|Win32
		{5CA5F21E-5ECC-4BB9-B062-BBE8EF4A665F}.Release|x86.Build.0 = Release|Win32
		{D035C8BC-9DB4-44DF-B14A-63FBAEC871C9}.Debug|x64.ActiveCfg = Debug|x64
		{D035C8BC-9DB4-44DF-B14A-63FBAEC871C9}.Debug|x64.Build.0 = Debug|x64
		{D035C8BC-9DB4-44DF-B14A-63FBAEC871C9}.Debug|x86.ActiveCfg = Debug|Win32
		{D035C8BC-9DB4-44DF-B14A-63FBAEC871C9}.Debug|x86.Build.0 = Debug|Win32
		{D035C8BC-9DB4-44DF-B14A-63FBAEC871C9}.Release|x64.ActiveCfg = Release|x64
		{D035C8BC-9DB4-44DF-B14A-63FBAEC871C9}.Release|x64.Build.0 = Release|x64
		{D035C8BC-9DB4-44DF-B14A-63FBAEC871C9}.Release|x86.ActiveCfg = Release|Win32
		{D035C8BC-9DB4-44DF-B14A-63FBAEC871C9}.Release|x86.Build.0 = Release|Win32
		{E68B38A3-F2E0-49FF-958A-8F4E6E41F388}.Debug|x64.ActiveCfg = Debug|x64
		{E68B38A3-F2E0-49FF-958A-8F4E6E41F388}.Debug|x64.Build.0 = Debug|x64
		{E68B38A3-F2E0-49FF-958A-8F4E6E41F388}.Debug|x86.ActiveCfg = Debug|Win32
		{E68B38A3-F2E0-49FF-958A-8F4E6E41F388}.Debug|x86.Build.0 = Debug|Win32
		{E68B38A3-F2E0-49FF-958A-8F4E6E41F388}.Release|x64.ActiveCfg = Release|x64
		{E68B38A3-F2E0-49FF-958A-8F4E6E41F388}.Release|x64.Build.0 = Release|x64
		{E68B38A3-F2E0-49FF-958A-8F4E6E41F388}.Release|x86.ActiveCfg = Release|Win32
		{E68B38A3-F2E0-49FF-958A-8F4E6E41F388}.Release|x86.Build.0 = Release|Win32
	EndGlobalSection
	GlobalSection(SolutionProperties) = preSolution
		HideSolutionNode = FALSE
	EndGlobalSection
	GlobalSection(ExtensibilityGlobals) = postSolution
		SolutionGuid = {546FB0CB-25E3-4202-BBC2-25B9D017B2C7}
	EndGlobalSection
EndGlobal
